
Microsoft Visual Studio Solution File, Format Version 12.00
# Visual Studio 14
VisualStudioVersion = 14.0.25420.1
MinimumVisualStudioVersion = 10.0.40219.1
Project("{D954291E-2A0B-460D-934E-DC6B0785DB48}") = "ArqusPrototype", "ArqusPrototype\ArqusPrototype\ArqusPrototype.shproj", "{6BF375EF-3D7B-47FC-B084-BC50262A584C}"
EndProject
Project("{FAE04EC0-301F-11D3-BF4B-00C04F79EFBC}") = "ArqusPrototype.Droid", "ArqusPrototype\ArqusPrototype.Droid\ArqusPrototype.Droid.csproj", "{D51ED449-658E-4281-BDBC-C7C115356388}"
EndProject
Project("{FAE04EC0-301F-11D3-BF4B-00C04F79EFBC}") = "ArqusPrototype.iOS", "ArqusPrototype\ArqusPrototype.iOS\ArqusPrototype.iOS.csproj", "{DC80015F-AA6C-4825-A830-EE0D29E1CABC}"
EndProject
Project("{FAE04EC0-301F-11D3-BF4B-00C04F79EFBC}") = "ArqusPrototype.WinPhone", "ArqusPrototype\ArqusPrototype.WinPhone\ArqusPrototype.WinPhone.csproj", "{87CFFD69-DAB6-47B9-BB65-E8BEEFE96D70}"
EndProject
Project("{FAE04EC0-301F-11D3-BF4B-00C04F79EFBC}") = "ArqusPrototype.UWP", "ArqusPrototype\ArqusPrototype.UWP\ArqusPrototype.UWP.csproj", "{14BF783E-2279-4AE4-B5AC-44F1A69E51C2}"
EndProject
Project("{FAE04EC0-301F-11D3-BF4B-00C04F79EFBC}") = "ArqusPrototype.Windows", "ArqusPrototype\ArqusPrototype.Windows\ArqusPrototype.Windows.csproj", "{E8328DB8-4131-4367-9378-775CFC75F123}"
EndProject
Global
	GlobalSection(SharedMSBuildProjectFiles) = preSolution
		ArqusPrototype\ArqusPrototype\ArqusPrototype.projitems*{14bf783e-2279-4ae4-b5ac-44f1a69e51c2}*SharedItemsImports = 4
		ArqusPrototype\ArqusPrototype\ArqusPrototype.projitems*{6bf375ef-3d7b-47fc-b084-bc50262a584c}*SharedItemsImports = 13
		ArqusPrototype\ArqusPrototype\ArqusPrototype.projitems*{d51ed449-658e-4281-bdbc-c7c115356388}*SharedItemsImports = 4
		ArqusPrototype\ArqusPrototype\ArqusPrototype.projitems*{dc80015f-aa6c-4825-a830-ee0d29e1cabc}*SharedItemsImports = 4
	EndGlobalSection
	GlobalSection(SolutionConfigurationPlatforms) = preSolution
		Ad-Hoc|Any CPU = Ad-Hoc|Any CPU
		Ad-Hoc|ARM = Ad-Hoc|ARM
		Ad-Hoc|iPhone = Ad-Hoc|iPhone
		Ad-Hoc|iPhoneSimulator = Ad-Hoc|iPhoneSimulator
		Ad-Hoc|x64 = Ad-Hoc|x64
		Ad-Hoc|x86 = Ad-Hoc|x86
		AppStore|Any CPU = AppStore|Any CPU
		AppStore|ARM = AppStore|ARM
		AppStore|iPhone = AppStore|iPhone
		AppStore|iPhoneSimulator = AppStore|iPhoneSimulator
		AppStore|x64 = AppStore|x64
		AppStore|x86 = AppStore|x86
		Debug|Any CPU = Debug|Any CPU
		Debug|ARM = Debug|ARM
		Debug|iPhone = Debug|iPhone
		Debug|iPhoneSimulator = Debug|iPhoneSimulator
		Debug|x64 = Debug|x64
		Debug|x86 = Debug|x86
		Release|Any CPU = Release|Any CPU
		Release|ARM = Release|ARM
		Release|iPhone = Release|iPhone
		Release|iPhoneSimulator = Release|iPhoneSimulator
		Release|x64 = Release|x64
		Release|x86 = Release|x86
	EndGlobalSection
	GlobalSection(ProjectConfigurationPlatforms) = postSolution
		{D51ED449-658E-4281-BDBC-C7C115356388}.Ad-Hoc|Any CPU.ActiveCfg = Release|Any CPU
		{D51ED449-658E-4281-BDBC-C7C115356388}.Ad-Hoc|Any CPU.Build.0 = Release|Any CPU
		{D51ED449-658E-4281-BDBC-C7C115356388}.Ad-Hoc|Any CPU.Deploy.0 = Release|Any CPU
		{D51ED449-658E-4281-BDBC-C7C115356388}.Ad-Hoc|ARM.ActiveCfg = Release|Any CPU
		{D51ED449-658E-4281-BDBC-C7C115356388}.Ad-Hoc|ARM.Build.0 = Release|Any CPU
		{D51ED449-658E-4281-BDBC-C7C115356388}.Ad-Hoc|ARM.Deploy.0 = Release|Any CPU
		{D51ED449-658E-4281-BDBC-C7C115356388}.Ad-Hoc|iPhone.ActiveCfg = Release|Any CPU
		{D51ED449-658E-4281-BDBC-C7C115356388}.Ad-Hoc|iPhone.Build.0 = Release|Any CPU
		{D51ED449-658E-4281-BDBC-C7C115356388}.Ad-Hoc|iPhone.Deploy.0 = Release|Any CPU
		{D51ED449-658E-4281-BDBC-C7C115356388}.Ad-Hoc|iPhoneSimulator.ActiveCfg = Release|Any CPU
		{D51ED449-658E-4281-BDBC-C7C115356388}.Ad-Hoc|iPhoneSimulator.Build.0 = Release|Any CPU
		{D51ED449-658E-4281-BDBC-C7C115356388}.Ad-Hoc|iPhoneSimulator.Deploy.0 = Release|Any CPU
		{D51ED449-658E-4281-BDBC-C7C115356388}.Ad-Hoc|x64.ActiveCfg = Release|Any CPU
		{D51ED449-658E-4281-BDBC-C7C115356388}.Ad-Hoc|x64.Build.0 = Release|Any CPU
		{D51ED449-658E-4281-BDBC-C7C115356388}.Ad-Hoc|x64.Deploy.0 = Release|Any CPU
		{D51ED449-658E-4281-BDBC-C7C115356388}.Ad-Hoc|x86.ActiveCfg = Release|Any CPU
		{D51ED449-658E-4281-BDBC-C7C115356388}.Ad-Hoc|x86.Build.0 = Release|Any CPU
		{D51ED449-658E-4281-BDBC-C7C115356388}.Ad-Hoc|x86.Deploy.0 = Release|Any CPU
		{D51ED449-658E-4281-BDBC-C7C115356388}.AppStore|Any CPU.ActiveCfg = Release|Any CPU
		{D51ED449-658E-4281-BDBC-C7C115356388}.AppStore|Any CPU.Build.0 = Release|Any CPU
		{D51ED449-658E-4281-BDBC-C7C115356388}.AppStore|Any CPU.Deploy.0 = Release|Any CPU
		{D51ED449-658E-4281-BDBC-C7C115356388}.AppStore|ARM.ActiveCfg = Release|Any CPU
		{D51ED449-658E-4281-BDBC-C7C115356388}.AppStore|ARM.Build.0 = Release|Any CPU
		{D51ED449-658E-4281-BDBC-C7C115356388}.AppStore|ARM.Deploy.0 = Release|Any CPU
		{D51ED449-658E-4281-BDBC-C7C115356388}.AppStore|iPhone.ActiveCfg = Release|Any CPU
		{D51ED449-658E-4281-BDBC-C7C115356388}.AppStore|iPhone.Build.0 = Release|Any CPU
		{D51ED449-658E-4281-BDBC-C7C115356388}.AppStore|iPhone.Deploy.0 = Release|Any CPU
		{D51ED449-658E-4281-BDBC-C7C115356388}.AppStore|iPhoneSimulator.ActiveCfg = Release|Any CPU
		{D51ED449-658E-4281-BDBC-C7C115356388}.AppStore|iPhoneSimulator.Build.0 = Release|Any CPU
		{D51ED449-658E-4281-BDBC-C7C115356388}.AppStore|iPhoneSimulator.Deploy.0 = Release|Any CPU
		{D51ED449-658E-4281-BDBC-C7C115356388}.AppStore|x64.ActiveCfg = Release|Any CPU
		{D51ED449-658E-4281-BDBC-C7C115356388}.AppStore|x64.Build.0 = Release|Any CPU
		{D51ED449-658E-4281-BDBC-C7C115356388}.AppStore|x64.Deploy.0 = Release|Any CPU
		{D51ED449-658E-4281-BDBC-C7C115356388}.AppStore|x86.ActiveCfg = Release|Any CPU
		{D51ED449-658E-4281-BDBC-C7C115356388}.AppStore|x86.Build.0 = Release|Any CPU
		{D51ED449-658E-4281-BDBC-C7C115356388}.AppStore|x86.Deploy.0 = Release|Any CPU
		{D51ED449-658E-4281-BDBC-C7C115356388}.Debug|Any CPU.ActiveCfg = Debug|Any CPU
		{D51ED449-658E-4281-BDBC-C7C115356388}.Debug|Any CPU.Build.0 = Debug|Any CPU
		{D51ED449-658E-4281-BDBC-C7C115356388}.Debug|Any CPU.Deploy.0 = Debug|Any CPU
		{D51ED449-658E-4281-BDBC-C7C115356388}.Debug|ARM.ActiveCfg = Debug|Any CPU
		{D51ED449-658E-4281-BDBC-C7C115356388}.Debug|ARM.Build.0 = Debug|Any CPU
		{D51ED449-658E-4281-BDBC-C7C115356388}.Debug|ARM.Deploy.0 = Debug|Any CPU
		{D51ED449-658E-4281-BDBC-C7C115356388}.Debug|iPhone.ActiveCfg = Debug|Any CPU
		{D51ED449-658E-4281-BDBC-C7C115356388}.Debug|iPhone.Build.0 = Debug|Any CPU
		{D51ED449-658E-4281-BDBC-C7C115356388}.Debug|iPhone.Deploy.0 = Debug|Any CPU
		{D51ED449-658E-4281-BDBC-C7C115356388}.Debug|iPhoneSimulator.ActiveCfg = Debug|Any CPU
		{D51ED449-658E-4281-BDBC-C7C115356388}.Debug|iPhoneSimulator.Build.0 = Debug|Any CPU
		{D51ED449-658E-4281-BDBC-C7C115356388}.Debug|iPhoneSimulator.Deploy.0 = Debug|Any CPU
		{D51ED449-658E-4281-BDBC-C7C115356388}.Debug|x64.ActiveCfg = Debug|Any CPU
		{D51ED449-658E-4281-BDBC-C7C115356388}.Debug|x64.Build.0 = Debug|Any CPU
		{D51ED449-658E-4281-BDBC-C7C115356388}.Debug|x64.Deploy.0 = Debug|Any CPU
		{D51ED449-658E-4281-BDBC-C7C115356388}.Debug|x86.ActiveCfg = Debug|Any CPU
		{D51ED449-658E-4281-BDBC-C7C115356388}.Debug|x86.Build.0 = Debug|Any CPU
		{D51ED449-658E-4281-BDBC-C7C115356388}.Debug|x86.Deploy.0 = Debug|Any CPU
		{D51ED449-658E-4281-BDBC-C7C115356388}.Release|Any CPU.ActiveCfg = Release|Any CPU
		{D51ED449-658E-4281-BDBC-C7C115356388}.Release|Any CPU.Build.0 = Release|Any CPU
		{D51ED449-658E-4281-BDBC-C7C115356388}.Release|Any CPU.Deploy.0 = Release|Any CPU
		{D51ED449-658E-4281-BDBC-C7C115356388}.Release|ARM.ActiveCfg = Release|Any CPU
		{D51ED449-658E-4281-BDBC-C7C115356388}.Release|ARM.Build.0 = Release|Any CPU
		{D51ED449-658E-4281-BDBC-C7C115356388}.Release|ARM.Deploy.0 = Release|Any CPU
		{D51ED449-658E-4281-BDBC-C7C115356388}.Release|iPhone.ActiveCfg = Release|Any CPU
		{D51ED449-658E-4281-BDBC-C7C115356388}.Release|iPhone.Build.0 = Release|Any CPU
		{D51ED449-658E-4281-BDBC-C7C115356388}.Release|iPhone.Deploy.0 = Release|Any CPU
		{D51ED449-658E-4281-BDBC-C7C115356388}.Release|iPhoneSimulator.ActiveCfg = Release|Any CPU
		{D51ED449-658E-4281-BDBC-C7C115356388}.Release|iPhoneSimulator.Build.0 = Release|Any CPU
		{D51ED449-658E-4281-BDBC-C7C115356388}.Release|iPhoneSimulator.Deploy.0 = Release|Any CPU
		{D51ED449-658E-4281-BDBC-C7C115356388}.Release|x64.ActiveCfg = Release|Any CPU
		{D51ED449-658E-4281-BDBC-C7C115356388}.Release|x64.Build.0 = Release|Any CPU
		{D51ED449-658E-4281-BDBC-C7C115356388}.Release|x64.Deploy.0 = Release|Any CPU
		{D51ED449-658E-4281-BDBC-C7C115356388}.Release|x86.ActiveCfg = Release|Any CPU
		{D51ED449-658E-4281-BDBC-C7C115356388}.Release|x86.Build.0 = Release|Any CPU
		{D51ED449-658E-4281-BDBC-C7C115356388}.Release|x86.Deploy.0 = Release|Any CPU
		{DC80015F-AA6C-4825-A830-EE0D29E1CABC}.Ad-Hoc|Any CPU.ActiveCfg = Ad-Hoc|iPhone
		{DC80015F-AA6C-4825-A830-EE0D29E1CABC}.Ad-Hoc|ARM.ActiveCfg = Ad-Hoc|iPhone
		{DC80015F-AA6C-4825-A830-EE0D29E1CABC}.Ad-Hoc|iPhone.ActiveCfg = Ad-Hoc|iPhone
		{DC80015F-AA6C-4825-A830-EE0D29E1CABC}.Ad-Hoc|iPhone.Build.0 = Ad-Hoc|iPhone
		{DC80015F-AA6C-4825-A830-EE0D29E1CABC}.Ad-Hoc|iPhoneSimulator.ActiveCfg = Ad-Hoc|iPhoneSimulator
		{DC80015F-AA6C-4825-A830-EE0D29E1CABC}.Ad-Hoc|iPhoneSimulator.Build.0 = Ad-Hoc|iPhoneSimulator
		{DC80015F-AA6C-4825-A830-EE0D29E1CABC}.Ad-Hoc|x64.ActiveCfg = Ad-Hoc|iPhone
		{DC80015F-AA6C-4825-A830-EE0D29E1CABC}.Ad-Hoc|x86.ActiveCfg = Ad-Hoc|iPhone
		{DC80015F-AA6C-4825-A830-EE0D29E1CABC}.AppStore|Any CPU.ActiveCfg = AppStore|iPhone
		{DC80015F-AA6C-4825-A830-EE0D29E1CABC}.AppStore|ARM.ActiveCfg = AppStore|iPhone
		{DC80015F-AA6C-4825-A830-EE0D29E1CABC}.AppStore|iPhone.ActiveCfg = AppStore|iPhone
		{DC80015F-AA6C-4825-A830-EE0D29E1CABC}.AppStore|iPhone.Build.0 = AppStore|iPhone
		{DC80015F-AA6C-4825-A830-EE0D29E1CABC}.AppStore|iPhoneSimulator.ActiveCfg = AppStore|iPhoneSimulator
		{DC80015F-AA6C-4825-A830-EE0D29E1CABC}.AppStore|iPhoneSimulator.Build.0 = AppStore|iPhoneSimulator
		{DC80015F-AA6C-4825-A830-EE0D29E1CABC}.AppStore|x64.ActiveCfg = AppStore|iPhone
		{DC80015F-AA6C-4825-A830-EE0D29E1CABC}.AppStore|x86.ActiveCfg = AppStore|iPhone
		{DC80015F-AA6C-4825-A830-EE0D29E1CABC}.Debug|Any CPU.ActiveCfg = Debug|iPhone
		{DC80015F-AA6C-4825-A830-EE0D29E1CABC}.Debug|ARM.ActiveCfg = Debug|iPhone
		{DC80015F-AA6C-4825-A830-EE0D29E1CABC}.Debug|iPhone.ActiveCfg = Debug|iPhone
		{DC80015F-AA6C-4825-A830-EE0D29E1CABC}.Debug|iPhone.Build.0 = Debug|iPhone
		{DC80015F-AA6C-4825-A830-EE0D29E1CABC}.Debug|iPhoneSimulator.ActiveCfg = Debug|iPhoneSimulator
		{DC80015F-AA6C-4825-A830-EE0D29E1CABC}.Debug|iPhoneSimulator.Build.0 = Debug|iPhoneSimulator
		{DC80015F-AA6C-4825-A830-EE0D29E1CABC}.Debug|x64.ActiveCfg = Debug|iPhone
		{DC80015F-AA6C-4825-A830-EE0D29E1CABC}.Debug|x86.ActiveCfg = Debug|iPhone
		{DC80015F-AA6C-4825-A830-EE0D29E1CABC}.Release|Any CPU.ActiveCfg = Release|iPhone
		{DC80015F-AA6C-4825-A830-EE0D29E1CABC}.Release|ARM.ActiveCfg = Release|iPhone
		{DC80015F-AA6C-4825-A830-EE0D29E1CABC}.Release|iPhone.ActiveCfg = Release|iPhone
		{DC80015F-AA6C-4825-A830-EE0D29E1CABC}.Release|iPhone.Build.0 = Release|iPhone
		{DC80015F-AA6C-4825-A830-EE0D29E1CABC}.Release|iPhoneSimulator.ActiveCfg = Release|iPhoneSimulator
		{DC80015F-AA6C-4825-A830-EE0D29E1CABC}.Release|iPhoneSimulator.Build.0 = Release|iPhoneSimulator
		{DC80015F-AA6C-4825-A830-EE0D29E1CABC}.Release|x64.ActiveCfg = Release|iPhone
		{DC80015F-AA6C-4825-A830-EE0D29E1CABC}.Release|x86.ActiveCfg = Release|iPhone
		{87CFFD69-DAB6-47B9-BB65-E8BEEFE96D70}.Ad-Hoc|Any CPU.ActiveCfg = Release|Any CPU
		{87CFFD69-DAB6-47B9-BB65-E8BEEFE96D70}.Ad-Hoc|Any CPU.Build.0 = Release|Any CPU
		{87CFFD69-DAB6-47B9-BB65-E8BEEFE96D70}.Ad-Hoc|Any CPU.Deploy.0 = Release|Any CPU
		{87CFFD69-DAB6-47B9-BB65-E8BEEFE96D70}.Ad-Hoc|ARM.ActiveCfg = Release|ARM
		{87CFFD69-DAB6-47B9-BB65-E8BEEFE96D70}.Ad-Hoc|ARM.Build.0 = Release|ARM
		{87CFFD69-DAB6-47B9-BB65-E8BEEFE96D70}.Ad-Hoc|ARM.Deploy.0 = Release|ARM
		{87CFFD69-DAB6-47B9-BB65-E8BEEFE96D70}.Ad-Hoc|iPhone.ActiveCfg = Release|Any CPU
		{87CFFD69-DAB6-47B9-BB65-E8BEEFE96D70}.Ad-Hoc|iPhone.Build.0 = Release|Any CPU
		{87CFFD69-DAB6-47B9-BB65-E8BEEFE96D70}.Ad-Hoc|iPhone.Deploy.0 = Release|Any CPU
		{87CFFD69-DAB6-47B9-BB65-E8BEEFE96D70}.Ad-Hoc|iPhoneSimulator.ActiveCfg = Release|Any CPU
		{87CFFD69-DAB6-47B9-BB65-E8BEEFE96D70}.Ad-Hoc|iPhoneSimulator.Build.0 = Release|Any CPU
		{87CFFD69-DAB6-47B9-BB65-E8BEEFE96D70}.Ad-Hoc|iPhoneSimulator.Deploy.0 = Release|Any CPU
		{87CFFD69-DAB6-47B9-BB65-E8BEEFE96D70}.Ad-Hoc|x64.ActiveCfg = Release|Any CPU
		{87CFFD69-DAB6-47B9-BB65-E8BEEFE96D70}.Ad-Hoc|x64.Build.0 = Release|Any CPU
		{87CFFD69-DAB6-47B9-BB65-E8BEEFE96D70}.Ad-Hoc|x64.Deploy.0 = Release|Any CPU
		{87CFFD69-DAB6-47B9-BB65-E8BEEFE96D70}.Ad-Hoc|x86.ActiveCfg = Release|x86
		{87CFFD69-DAB6-47B9-BB65-E8BEEFE96D70}.Ad-Hoc|x86.Build.0 = Release|x86
		{87CFFD69-DAB6-47B9-BB65-E8BEEFE96D70}.Ad-Hoc|x86.Deploy.0 = Release|x86
		{87CFFD69-DAB6-47B9-BB65-E8BEEFE96D70}.AppStore|Any CPU.ActiveCfg = Release|Any CPU
		{87CFFD69-DAB6-47B9-BB65-E8BEEFE96D70}.AppStore|Any CPU.Build.0 = Release|Any CPU
		{87CFFD69-DAB6-47B9-BB65-E8BEEFE96D70}.AppStore|Any CPU.Deploy.0 = Release|Any CPU
		{87CFFD69-DAB6-47B9-BB65-E8BEEFE96D70}.AppStore|ARM.ActiveCfg = Release|ARM
		{87CFFD69-DAB6-47B9-BB65-E8BEEFE96D70}.AppStore|ARM.Build.0 = Release|ARM
		{87CFFD69-DAB6-47B9-BB65-E8BEEFE96D70}.AppStore|ARM.Deploy.0 = Release|ARM
		{87CFFD69-DAB6-47B9-BB65-E8BEEFE96D70}.AppStore|iPhone.ActiveCfg = Release|Any CPU
		{87CFFD69-DAB6-47B9-BB65-E8BEEFE96D70}.AppStore|iPhone.Build.0 = Release|Any CPU
		{87CFFD69-DAB6-47B9-BB65-E8BEEFE96D70}.AppStore|iPhone.Deploy.0 = Release|Any CPU
		{87CFFD69-DAB6-47B9-BB65-E8BEEFE96D70}.AppStore|iPhoneSimulator.ActiveCfg = Release|Any CPU
		{87CFFD69-DAB6-47B9-BB65-E8BEEFE96D70}.AppStore|iPhoneSimulator.Build.0 = Release|Any CPU
		{87CFFD69-DAB6-47B9-BB65-E8BEEFE96D70}.AppStore|iPhoneSimulator.Deploy.0 = Release|Any CPU
		{87CFFD69-DAB6-47B9-BB65-E8BEEFE96D70}.AppStore|x64.ActiveCfg = Release|Any CPU
		{87CFFD69-DAB6-47B9-BB65-E8BEEFE96D70}.AppStore|x64.Build.0 = Release|Any CPU
		{87CFFD69-DAB6-47B9-BB65-E8BEEFE96D70}.AppStore|x64.Deploy.0 = Release|Any CPU
		{87CFFD69-DAB6-47B9-BB65-E8BEEFE96D70}.AppStore|x86.ActiveCfg = Release|x86
		{87CFFD69-DAB6-47B9-BB65-E8BEEFE96D70}.AppStore|x86.Build.0 = Release|x86
		{87CFFD69-DAB6-47B9-BB65-E8BEEFE96D70}.AppStore|x86.Deploy.0 = Release|x86
		{87CFFD69-DAB6-47B9-BB65-E8BEEFE96D70}.Debug|Any CPU.ActiveCfg = Debug|Any CPU
		{87CFFD69-DAB6-47B9-BB65-E8BEEFE96D70}.Debug|Any CPU.Build.0 = Debug|Any CPU
		{87CFFD69-DAB6-47B9-BB65-E8BEEFE96D70}.Debug|Any CPU.Deploy.0 = Debug|Any CPU
		{87CFFD69-DAB6-47B9-BB65-E8BEEFE96D70}.Debug|ARM.ActiveCfg = Debug|ARM
		{87CFFD69-DAB6-47B9-BB65-E8BEEFE96D70}.Debug|ARM.Build.0 = Debug|ARM
		{87CFFD69-DAB6-47B9-BB65-E8BEEFE96D70}.Debug|ARM.Deploy.0 = Debug|ARM
		{87CFFD69-DAB6-47B9-BB65-E8BEEFE96D70}.Debug|iPhone.ActiveCfg = Debug|Any CPU
		{87CFFD69-DAB6-47B9-BB65-E8BEEFE96D70}.Debug|iPhone.Build.0 = Debug|Any CPU
		{87CFFD69-DAB6-47B9-BB65-E8BEEFE96D70}.Debug|iPhone.Deploy.0 = Debug|Any CPU
		{87CFFD69-DAB6-47B9-BB65-E8BEEFE96D70}.Debug|iPhoneSimulator.ActiveCfg = Debug|Any CPU
		{87CFFD69-DAB6-47B9-BB65-E8BEEFE96D70}.Debug|iPhoneSimulator.Build.0 = Debug|Any CPU
		{87CFFD69-DAB6-47B9-BB65-E8BEEFE96D70}.Debug|iPhoneSimulator.Deploy.0 = Debug|Any CPU
		{87CFFD69-DAB6-47B9-BB65-E8BEEFE96D70}.Debug|x64.ActiveCfg = Debug|Any CPU
		{87CFFD69-DAB6-47B9-BB65-E8BEEFE96D70}.Debug|x64.Build.0 = Debug|Any CPU
		{87CFFD69-DAB6-47B9-BB65-E8BEEFE96D70}.Debug|x64.Deploy.0 = Debug|Any CPU
		{87CFFD69-DAB6-47B9-BB65-E8BEEFE96D70}.Debug|x86.ActiveCfg = Debug|x86
		{87CFFD69-DAB6-47B9-BB65-E8BEEFE96D70}.Debug|x86.Build.0 = Debug|x86
		{87CFFD69-DAB6-47B9-BB65-E8BEEFE96D70}.Debug|x86.Deploy.0 = Debug|x86
		{87CFFD69-DAB6-47B9-BB65-E8BEEFE96D70}.Release|Any CPU.ActiveCfg = Release|Any CPU
		{87CFFD69-DAB6-47B9-BB65-E8BEEFE96D70}.Release|Any CPU.Build.0 = Release|Any CPU
		{87CFFD69-DAB6-47B9-BB65-E8BEEFE96D70}.Release|Any CPU.Deploy.0 = Release|Any CPU
		{87CFFD69-DAB6-47B9-BB65-E8BEEFE96D70}.Release|ARM.ActiveCfg = Release|ARM
		{87CFFD69-DAB6-47B9-BB65-E8BEEFE96D70}.Release|ARM.Build.0 = Release|ARM
		{87CFFD69-DAB6-47B9-BB65-E8BEEFE96D70}.Release|ARM.Deploy.0 = Release|ARM
		{87CFFD69-DAB6-47B9-BB65-E8BEEFE96D70}.Release|iPhone.ActiveCfg = Release|Any CPU
		{87CFFD69-DAB6-47B9-BB65-E8BEEFE96D70}.Release|iPhone.Build.0 = Release|Any CPU
		{87CFFD69-DAB6-47B9-BB65-E8BEEFE96D70}.Release|iPhone.Deploy.0 = Release|Any CPU
		{87CFFD69-DAB6-47B9-BB65-E8BEEFE96D70}.Release|iPhoneSimulator.ActiveCfg = Release|Any CPU
		{87CFFD69-DAB6-47B9-BB65-E8BEEFE96D70}.Release|iPhoneSimulator.Build.0 = Release|Any CPU
		{87CFFD69-DAB6-47B9-BB65-E8BEEFE96D70}.Release|iPhoneSimulator.Deploy.0 = Release|Any CPU
		{87CFFD69-DAB6-47B9-BB65-E8BEEFE96D70}.Release|x64.ActiveCfg = Release|Any CPU
		{87CFFD69-DAB6-47B9-BB65-E8BEEFE96D70}.Release|x64.Build.0 = Release|Any CPU
		{87CFFD69-DAB6-47B9-BB65-E8BEEFE96D70}.Release|x64.Deploy.0 = Release|Any CPU
		{87CFFD69-DAB6-47B9-BB65-E8BEEFE96D70}.Release|x86.ActiveCfg = Release|x86
		{87CFFD69-DAB6-47B9-BB65-E8BEEFE96D70}.Release|x86.Build.0 = Release|x86
		{87CFFD69-DAB6-47B9-BB65-E8BEEFE96D70}.Release|x86.Deploy.0 = Release|x86
		{14BF783E-2279-4AE4-B5AC-44F1A69E51C2}.Ad-Hoc|Any CPU.ActiveCfg = Release|x86
		{14BF783E-2279-4AE4-B5AC-44F1A69E51C2}.Ad-Hoc|Any CPU.Build.0 = Release|x86
		{14BF783E-2279-4AE4-B5AC-44F1A69E51C2}.Ad-Hoc|Any CPU.Deploy.0 = Release|x86
		{14BF783E-2279-4AE4-B5AC-44F1A69E51C2}.Ad-Hoc|ARM.ActiveCfg = Release|ARM
		{14BF783E-2279-4AE4-B5AC-44F1A69E51C2}.Ad-Hoc|ARM.Build.0 = Release|ARM
		{14BF783E-2279-4AE4-B5AC-44F1A69E51C2}.Ad-Hoc|ARM.Deploy.0 = Release|ARM
		{14BF783E-2279-4AE4-B5AC-44F1A69E51C2}.Ad-Hoc|iPhone.ActiveCfg = Release|x86
		{14BF783E-2279-4AE4-B5AC-44F1A69E51C2}.Ad-Hoc|iPhone.Build.0 = Release|x86
		{14BF783E-2279-4AE4-B5AC-44F1A69E51C2}.Ad-Hoc|iPhone.Deploy.0 = Release|x86
		{14BF783E-2279-4AE4-B5AC-44F1A69E51C2}.Ad-Hoc|iPhoneSimulator.ActiveCfg = Release|x86
		{14BF783E-2279-4AE4-B5AC-44F1A69E51C2}.Ad-Hoc|iPhoneSimulator.Build.0 = Release|x86
		{14BF783E-2279-4AE4-B5AC-44F1A69E51C2}.Ad-Hoc|iPhoneSimulator.Deploy.0 = Release|x86
		{14BF783E-2279-4AE4-B5AC-44F1A69E51C2}.Ad-Hoc|x64.ActiveCfg = Release|x64
		{14BF783E-2279-4AE4-B5AC-44F1A69E51C2}.Ad-Hoc|x64.Build.0 = Release|x64
		{14BF783E-2279-4AE4-B5AC-44F1A69E51C2}.Ad-Hoc|x64.Deploy.0 = Release|x64
		{14BF783E-2279-4AE4-B5AC-44F1A69E51C2}.Ad-Hoc|x86.ActiveCfg = Release|x86
		{14BF783E-2279-4AE4-B5AC-44F1A69E51C2}.Ad-Hoc|x86.Build.0 = Release|x86
		{14BF783E-2279-4AE4-B5AC-44F1A69E51C2}.Ad-Hoc|x86.Deploy.0 = Release|x86
		{14BF783E-2279-4AE4-B5AC-44F1A69E51C2}.AppStore|Any CPU.ActiveCfg = Release|x86
		{14BF783E-2279-4AE4-B5AC-44F1A69E51C2}.AppStore|Any CPU.Build.0 = Release|x86
		{14BF783E-2279-4AE4-B5AC-44F1A69E51C2}.AppStore|Any CPU.Deploy.0 = Release|x86
		{14BF783E-2279-4AE4-B5AC-44F1A69E51C2}.AppStore|ARM.ActiveCfg = Release|ARM
		{14BF783E-2279-4AE4-B5AC-44F1A69E51C2}.AppStore|ARM.Build.0 = Release|ARM
		{14BF783E-2279-4AE4-B5AC-44F1A69E51C2}.AppStore|ARM.Deploy.0 = Release|ARM
		{14BF783E-2279-4AE4-B5AC-44F1A69E51C2}.AppStore|iPhone.ActiveCfg = Release|x86
		{14BF783E-2279-4AE4-B5AC-44F1A69E51C2}.AppStore|iPhone.Build.0 = Release|x86
		{14BF783E-2279-4AE4-B5AC-44F1A69E51C2}.AppStore|iPhone.Deploy.0 = Release|x86
		{14BF783E-2279-4AE4-B5AC-44F1A69E51C2}.AppStore|iPhoneSimulator.ActiveCfg = Release|x86
		{14BF783E-2279-4AE4-B5AC-44F1A69E51C2}.AppStore|iPhoneSimulator.Build.0 = Release|x86
		{14BF783E-2279-4AE4-B5AC-44F1A69E51C2}.AppStore|iPhoneSimulator.Deploy.0 = Release|x86
		{14BF783E-2279-4AE4-B5AC-44F1A69E51C2}.AppStore|x64.ActiveCfg = Release|x64
		{14BF783E-2279-4AE4-B5AC-44F1A69E51C2}.AppStore|x64.Build.0 = Release|x64
		{14BF783E-2279-4AE4-B5AC-44F1A69E51C2}.AppStore|x64.Deploy.0 = Release|x64
		{14BF783E-2279-4AE4-B5AC-44F1A69E51C2}.AppStore|x86.ActiveCfg = Release|x86
		{14BF783E-2279-4AE4-B5AC-44F1A69E51C2}.AppStore|x86.Build.0 = Release|x86
		{14BF783E-2279-4AE4-B5AC-44F1A69E51C2}.AppStore|x86.Deploy.0 = Release|x86
		{14BF783E-2279-4AE4-B5AC-44F1A69E51C2}.Debug|Any CPU.ActiveCfg = Debug|x86
		{14BF783E-2279-4AE4-B5AC-44F1A69E51C2}.Debug|ARM.ActiveCfg = Debug|ARM
		{14BF783E-2279-4AE4-B5AC-44F1A69E51C2}.Debug|ARM.Build.0 = Debug|ARM
		{14BF783E-2279-4AE4-B5AC-44F1A69E51C2}.Debug|ARM.Deploy.0 = Debug|ARM
		{14BF783E-2279-4AE4-B5AC-44F1A69E51C2}.Debug|iPhone.ActiveCfg = Debug|x86
		{14BF783E-2279-4AE4-B5AC-44F1A69E51C2}.Debug|iPhoneSimulator.ActiveCfg = Debug|x86
		{14BF783E-2279-4AE4-B5AC-44F1A69E51C2}.Debug|x64.ActiveCfg = Debug|x64
		{14BF783E-2279-4AE4-B5AC-44F1A69E51C2}.Debug|x64.Build.0 = Debug|x64
		{14BF783E-2279-4AE4-B5AC-44F1A69E51C2}.Debug|x64.Deploy.0 = Debug|x64
		{14BF783E-2279-4AE4-B5AC-44F1A69E51C2}.Debug|x86.ActiveCfg = Debug|x86
		{14BF783E-2279-4AE4-B5AC-44F1A69E51C2}.Debug|x86.Build.0 = Debug|x86
		{14BF783E-2279-4AE4-B5AC-44F1A69E51C2}.Debug|x86.Deploy.0 = Debug|x86
		{14BF783E-2279-4AE4-B5AC-44F1A69E51C2}.Release|Any CPU.ActiveCfg = Release|x86
		{14BF783E-2279-4AE4-B5AC-44F1A69E51C2}.Release|ARM.ActiveCfg = Release|ARM
		{14BF783E-2279-4AE4-B5AC-44F1A69E51C2}.Release|ARM.Build.0 = Release|ARM
		{14BF783E-2279-4AE4-B5AC-44F1A69E51C2}.Release|ARM.Deploy.0 = Release|ARM
		{14BF783E-2279-4AE4-B5AC-44F1A69E51C2}.Release|iPhone.ActiveCfg = Release|x86
		{14BF783E-2279-4AE4-B5AC-44F1A69E51C2}.Release|iPhoneSimulator.ActiveCfg = Release|x86
		{14BF783E-2279-4AE4-B5AC-44F1A69E51C2}.Release|x64.ActiveCfg = Release|x64
		{14BF783E-2279-4AE4-B5AC-44F1A69E51C2}.Release|x64.Build.0 = Release|x64
		{14BF783E-2279-4AE4-B5AC-44F1A69E51C2}.Release|x64.Deploy.0 = Release|x64
		{14BF783E-2279-4AE4-B5AC-44F1A69E51C2}.Release|x86.ActiveCfg = Release|x86
		{14BF783E-2279-4AE4-B5AC-44F1A69E51C2}.Release|x86.Build.0 = Release|x86
		{14BF783E-2279-4AE4-B5AC-44F1A69E51C2}.Release|x86.Deploy.0 = Release|x86
		{E8328DB8-4131-4367-9378-775CFC75F123}.Ad-Hoc|Any CPU.ActiveCfg = Release|Any CPU
		{E8328DB8-4131-4367-9378-775CFC75F123}.Ad-Hoc|Any CPU.Build.0 = Release|Any CPU
		{E8328DB8-4131-4367-9378-775CFC75F123}.Ad-Hoc|Any CPU.Deploy.0 = Release|Any CPU
		{E8328DB8-4131-4367-9378-775CFC75F123}.Ad-Hoc|ARM.ActiveCfg = Release|ARM
		{E8328DB8-4131-4367-9378-775CFC75F123}.Ad-Hoc|ARM.Build.0 = Release|ARM
		{E8328DB8-4131-4367-9378-775CFC75F123}.Ad-Hoc|ARM.Deploy.0 = Release|ARM
		{E8328DB8-4131-4367-9378-775CFC75F123}.Ad-Hoc|iPhone.ActiveCfg = Release|Any CPU
		{E8328DB8-4131-4367-9378-775CFC75F123}.Ad-Hoc|iPhone.Build.0 = Release|Any CPU
		{E8328DB8-4131-4367-9378-775CFC75F123}.Ad-Hoc|iPhone.Deploy.0 = Release|Any CPU
		{E8328DB8-4131-4367-9378-775CFC75F123}.Ad-Hoc|iPhoneSimulator.ActiveCfg = Release|Any CPU
		{E8328DB8-4131-4367-9378-775CFC75F123}.Ad-Hoc|iPhoneSimulator.Build.0 = Release|Any CPU
		{E8328DB8-4131-4367-9378-775CFC75F123}.Ad-Hoc|iPhoneSimulator.Deploy.0 = Release|Any CPU
		{E8328DB8-4131-4367-9378-775CFC75F123}.Ad-Hoc|x64.ActiveCfg = Release|x64
		{E8328DB8-4131-4367-9378-775CFC75F123}.Ad-Hoc|x64.Build.0 = Release|x64
		{E8328DB8-4131-4367-9378-775CFC75F123}.Ad-Hoc|x64.Deploy.0 = Release|x64
		{E8328DB8-4131-4367-9378-775CFC75F123}.Ad-Hoc|x86.ActiveCfg = Release|x86
		{E8328DB8-4131-4367-9378-775CFC75F123}.Ad-Hoc|x86.Build.0 = Release|x86
		{E8328DB8-4131-4367-9378-775CFC75F123}.Ad-Hoc|x86.Deploy.0 = Release|x86
		{E8328DB8-4131-4367-9378-775CFC75F123}.AppStore|Any CPU.ActiveCfg = Release|Any CPU
		{E8328DB8-4131-4367-9378-775CFC75F123}.AppStore|Any CPU.Build.0 = Release|Any CPU
		{E8328DB8-4131-4367-9378-775CFC75F123}.AppStore|Any CPU.Deploy.0 = Release|Any CPU
		{E8328DB8-4131-4367-9378-775CFC75F123}.AppStore|ARM.ActiveCfg = Release|ARM
		{E8328DB8-4131-4367-9378-775CFC75F123}.AppStore|ARM.Build.0 = Release|ARM
		{E8328DB8-4131-4367-9378-775CFC75F123}.AppStore|ARM.Deploy.0 = Release|ARM
		{E8328DB8-4131-4367-9378-775CFC75F123}.AppStore|iPhone.ActiveCfg = Release|Any CPU
		{E8328DB8-4131-4367-9378-775CFC75F123}.AppStore|iPhone.Build.0 = Release|Any CPU
		{E8328DB8-4131-4367-9378-775CFC75F123}.AppStore|iPhone.Deploy.0 = Release|Any CPU
		{E8328DB8-4131-4367-9378-775CFC75F123}.AppStore|iPhoneSimulator.ActiveCfg = Release|Any CPU
		{E8328DB8-4131-4367-9378-775CFC75F123}.AppStore|iPhoneSimulator.Build.0 = Release|Any CPU
		{E8328DB8-4131-4367-9378-775CFC75F123}.AppStore|iPhoneSimulator.Deploy.0 = Release|Any CPU
		{E8328DB8-4131-4367-9378-775CFC75F123}.AppStore|x64.ActiveCfg = Release|x64
		{E8328DB8-4131-4367-9378-775CFC75F123}.AppStore|x64.Build.0 = Release|x64
		{E8328DB8-4131-4367-9378-775CFC75F123}.AppStore|x64.Deploy.0 = Release|x64
		{E8328DB8-4131-4367-9378-775CFC75F123}.AppStore|x86.ActiveCfg = Release|x86
		{E8328DB8-4131-4367-9378-775CFC75F123}.AppStore|x86.Build.0 = Release|x86
		{E8328DB8-4131-4367-9378-775CFC75F123}.AppStore|x86.Deploy.0 = Release|x86
		{E8328DB8-4131-4367-9378-775CFC75F123}.Debug|Any CPU.ActiveCfg = Debug|Any CPU
		{E8328DB8-4131-4367-9378-775CFC75F123}.Debug|Any CPU.Build.0 = Debug|Any CPU
		{E8328DB8-4131-4367-9378-775CFC75F123}.Debug|Any CPU.Deploy.0 = Debug|Any CPU
		{E8328DB8-4131-4367-9378-775CFC75F123}.Debug|ARM.ActiveCfg = Debug|ARM
		{E8328DB8-4131-4367-9378-775CFC75F123}.Debug|ARM.Build.0 = Debug|ARM
		{E8328DB8-4131-4367-9378-775CFC75F123}.Debug|ARM.Deploy.0 = Debug|ARM
		{E8328DB8-4131-4367-9378-775CFC75F123}.Debug|iPhone.ActiveCfg = Debug|Any CPU
		{E8328DB8-4131-4367-9378-775CFC75F123}.Debug|iPhone.Build.0 = Debug|Any CPU
		{E8328DB8-4131-4367-9378-775CFC75F123}.Debug|iPhone.Deploy.0 = Debug|Any CPU
		{E8328DB8-4131-4367-9378-775CFC75F123}.Debug|iPhoneSimulator.ActiveCfg = Debug|Any CPU
		{E8328DB8-4131-4367-9378-775CFC75F123}.Debug|iPhoneSimulator.Build.0 = Debug|Any CPU
		{E8328DB8-4131-4367-9378-775CFC75F123}.Debug|iPhoneSimulator.Deploy.0 = Debug|Any CPU
		{E8328DB8-4131-4367-9378-775CFC75F123}.Debug|x64.ActiveCfg = Debug|x64
		{E8328DB8-4131-4367-9378-775CFC75F123}.Debug|x64.Build.0 = Debug|x64
		{E8328DB8-4131-4367-9378-775CFC75F123}.Debug|x64.Deploy.0 = Debug|x64
		{E8328DB8-4131-4367-9378-775CFC75F123}.Debug|x86.ActiveCfg = Debug|x86
		{E8328DB8-4131-4367-9378-775CFC75F123}.Debug|x86.Build.0 = Debug|x86
		{E8328DB8-4131-4367-9378-775CFC75F123}.Debug|x86.Deploy.0 = Debug|x86
		{E8328DB8-4131-4367-9378-775CFC75F123}.Release|Any CPU.ActiveCfg = Release|Any CPU
		{E8328DB8-4131-4367-9378-775CFC75F123}.Release|Any CPU.Build.0 = Release|Any CPU
		{E8328DB8-4131-4367-9378-775CFC75F123}.Release|Any CPU.Deploy.0 = Release|Any CPU
		{E8328DB8-4131-4367-9378-775CFC75F123}.Release|ARM.ActiveCfg = Release|ARM
		{E8328DB8-4131-4367-9378-775CFC75F123}.Release|ARM.Build.0 = Release|ARM
		{E8328DB8-4131-4367-9378-775CFC75F123}.Release|ARM.Deploy.0 = Release|ARM
		{E8328DB8-4131-4367-9378-775CFC75F123}.Release|iPhone.ActiveCfg = Release|Any CPU
		{E8328DB8-4131-4367-9378-775CFC75F123}.Release|iPhone.Build.0 = Release|Any CPU
		{E8328DB8-4131-4367-9378-775CFC75F123}.Release|iPhone.Deploy.0 = Release|Any CPU
		{E8328DB8-4131-4367-9378-775CFC75F123}.Release|iPhoneSimulator.ActiveCfg = Release|Any CPU
		{E8328DB8-4131-4367-9378-775CFC75F123}.Release|iPhoneSimulator.Build.0 = Release|Any CPU
		{E8328DB8-4131-4367-9378-775CFC75F123}.Release|iPhoneSimulator.Deploy.0 = Release|Any CPU
		{E8328DB8-4131-4367-9378-775CFC75F123}.Release|x64.ActiveCfg = Release|x64
		{E8328DB8-4131-4367-9378-775CFC75F123}.Release|x64.Build.0 = Release|x64
		{E8328DB8-4131-4367-9378-775CFC75F123}.Release|x64.Deploy.0 = Release|x64
		{E8328DB8-4131-4367-9378-775CFC75F123}.Release|x86.ActiveCfg = Release|x86
		{E8328DB8-4131-4367-9378-775CFC75F123}.Release|x86.Build.0 = Release|x86
		{E8328DB8-4131-4367-9378-775CFC75F123}.Release|x86.Deploy.0 = Release|x86
	EndGlobalSection
	GlobalSection(SolutionProperties) = preSolution
		HideSolutionNode = FALSE
	EndGlobalSection
EndGlobal
