
Microsoft Visual Studio Solution File, Format Version 12.00
# Visual Studio 15
VisualStudioVersion = 15.0.26403.7
MinimumVisualStudioVersion = 10.0.40219.1
Project("{D954291E-2A0B-460D-934E-DC6B0785DB48}") = "Arqus", "Arqus\Arqus\Arqus.shproj", "{3988E928-8C20-495E-91D6-58C10739B4C8}"
EndProject
Project("{FAE04EC0-301F-11D3-BF4B-00C04F79EFBC}") = "Arqus.Droid", "Arqus\Arqus.Droid\Arqus.Droid.csproj", "{FDF5F785-CC10-41F4-AF41-36F40F87DB6D}"
EndProject
Project("{FAE04EC0-301F-11D3-BF4B-00C04F79EFBC}") = "Arqus.iOS", "Arqus\Arqus.iOS\Arqus.iOS.csproj", "{73A95894-ECFF-42A7-AEF7-B16B1B899653}"
EndProject
Global
	GlobalSection(SharedMSBuildProjectFiles) = preSolution
		Arqus\Arqus\Arqus.projitems*{3988e928-8c20-495e-91d6-58c10739b4c8}*SharedItemsImports = 13
		Arqus\Arqus\Arqus.projitems*{73a95894-ecff-42a7-aef7-b16b1b899653}*SharedItemsImports = 4
		Arqus\Arqus\Arqus.projitems*{fdf5f785-cc10-41f4-af41-36f40f87db6d}*SharedItemsImports = 4
	EndGlobalSection
	GlobalSection(SolutionConfigurationPlatforms) = preSolution
		Ad-Hoc|Any CPU = Ad-Hoc|Any CPU
		Ad-Hoc|ARM = Ad-Hoc|ARM
		Ad-Hoc|iPhone = Ad-Hoc|iPhone
		Ad-Hoc|iPhoneSimulator = Ad-Hoc|iPhoneSimulator
		Ad-Hoc|x64 = Ad-Hoc|x64
		Ad-Hoc|x86 = Ad-Hoc|x86
		AppStore|Any CPU = AppStore|Any CPU
		AppStore|ARM = AppStore|ARM
		AppStore|iPhone = AppStore|iPhone
		AppStore|iPhoneSimulator = AppStore|iPhoneSimulator
		AppStore|x64 = AppStore|x64
		AppStore|x86 = AppStore|x86
		Debug|Any CPU = Debug|Any CPU
		Debug|ARM = Debug|ARM
		Debug|iPhone = Debug|iPhone
		Debug|iPhoneSimulator = Debug|iPhoneSimulator
		Debug|x64 = Debug|x64
		Debug|x86 = Debug|x86
		Release|Any CPU = Release|Any CPU
		Release|ARM = Release|ARM
		Release|iPhone = Release|iPhone
		Release|iPhoneSimulator = Release|iPhoneSimulator
		Release|x64 = Release|x64
		Release|x86 = Release|x86
	EndGlobalSection
	GlobalSection(ProjectConfigurationPlatforms) = postSolution
		{FDF5F785-CC10-41F4-AF41-36F40F87DB6D}.Ad-Hoc|Any CPU.ActiveCfg = Release|Any CPU
		{FDF5F785-CC10-41F4-AF41-36F40F87DB6D}.Ad-Hoc|Any CPU.Build.0 = Release|Any CPU
		{FDF5F785-CC10-41F4-AF41-36F40F87DB6D}.Ad-Hoc|Any CPU.Deploy.0 = Release|Any CPU
		{FDF5F785-CC10-41F4-AF41-36F40F87DB6D}.Ad-Hoc|ARM.ActiveCfg = Release|Any CPU
		{FDF5F785-CC10-41F4-AF41-36F40F87DB6D}.Ad-Hoc|ARM.Build.0 = Release|Any CPU
		{FDF5F785-CC10-41F4-AF41-36F40F87DB6D}.Ad-Hoc|ARM.Deploy.0 = Release|Any CPU
		{FDF5F785-CC10-41F4-AF41-36F40F87DB6D}.Ad-Hoc|iPhone.ActiveCfg = Release|Any CPU
		{FDF5F785-CC10-41F4-AF41-36F40F87DB6D}.Ad-Hoc|iPhone.Build.0 = Release|Any CPU
		{FDF5F785-CC10-41F4-AF41-36F40F87DB6D}.Ad-Hoc|iPhone.Deploy.0 = Release|Any CPU
		{FDF5F785-CC10-41F4-AF41-36F40F87DB6D}.Ad-Hoc|iPhoneSimulator.ActiveCfg = Release|Any CPU
		{FDF5F785-CC10-41F4-AF41-36F40F87DB6D}.Ad-Hoc|iPhoneSimulator.Build.0 = Release|Any CPU
		{FDF5F785-CC10-41F4-AF41-36F40F87DB6D}.Ad-Hoc|iPhoneSimulator.Deploy.0 = Release|Any CPU
		{FDF5F785-CC10-41F4-AF41-36F40F87DB6D}.Ad-Hoc|x64.ActiveCfg = Release|Any CPU
		{FDF5F785-CC10-41F4-AF41-36F40F87DB6D}.Ad-Hoc|x64.Build.0 = Release|Any CPU
		{FDF5F785-CC10-41F4-AF41-36F40F87DB6D}.Ad-Hoc|x64.Deploy.0 = Release|Any CPU
		{FDF5F785-CC10-41F4-AF41-36F40F87DB6D}.Ad-Hoc|x86.ActiveCfg = Release|Any CPU
		{FDF5F785-CC10-41F4-AF41-36F40F87DB6D}.Ad-Hoc|x86.Build.0 = Release|Any CPU
		{FDF5F785-CC10-41F4-AF41-36F40F87DB6D}.Ad-Hoc|x86.Deploy.0 = Release|Any CPU
		{FDF5F785-CC10-41F4-AF41-36F40F87DB6D}.AppStore|Any CPU.ActiveCfg = Release|Any CPU
		{FDF5F785-CC10-41F4-AF41-36F40F87DB6D}.AppStore|Any CPU.Build.0 = Release|Any CPU
		{FDF5F785-CC10-41F4-AF41-36F40F87DB6D}.AppStore|Any CPU.Deploy.0 = Release|Any CPU
		{FDF5F785-CC10-41F4-AF41-36F40F87DB6D}.AppStore|ARM.ActiveCfg = Release|Any CPU
		{FDF5F785-CC10-41F4-AF41-36F40F87DB6D}.AppStore|ARM.Build.0 = Release|Any CPU
		{FDF5F785-CC10-41F4-AF41-36F40F87DB6D}.AppStore|ARM.Deploy.0 = Release|Any CPU
		{FDF5F785-CC10-41F4-AF41-36F40F87DB6D}.AppStore|iPhone.ActiveCfg = Release|Any CPU
		{FDF5F785-CC10-41F4-AF41-36F40F87DB6D}.AppStore|iPhone.Build.0 = Release|Any CPU
		{FDF5F785-CC10-41F4-AF41-36F40F87DB6D}.AppStore|iPhone.Deploy.0 = Release|Any CPU
		{FDF5F785-CC10-41F4-AF41-36F40F87DB6D}.AppStore|iPhoneSimulator.ActiveCfg = Release|Any CPU
		{FDF5F785-CC10-41F4-AF41-36F40F87DB6D}.AppStore|iPhoneSimulator.Build.0 = Release|Any CPU
		{FDF5F785-CC10-41F4-AF41-36F40F87DB6D}.AppStore|iPhoneSimulator.Deploy.0 = Release|Any CPU
		{FDF5F785-CC10-41F4-AF41-36F40F87DB6D}.AppStore|x64.ActiveCfg = Release|Any CPU
		{FDF5F785-CC10-41F4-AF41-36F40F87DB6D}.AppStore|x64.Build.0 = Release|Any CPU
		{FDF5F785-CC10-41F4-AF41-36F40F87DB6D}.AppStore|x64.Deploy.0 = Release|Any CPU
		{FDF5F785-CC10-41F4-AF41-36F40F87DB6D}.AppStore|x86.ActiveCfg = Release|Any CPU
		{FDF5F785-CC10-41F4-AF41-36F40F87DB6D}.AppStore|x86.Build.0 = Release|Any CPU
		{FDF5F785-CC10-41F4-AF41-36F40F87DB6D}.AppStore|x86.Deploy.0 = Release|Any CPU
		{FDF5F785-CC10-41F4-AF41-36F40F87DB6D}.Debug|Any CPU.ActiveCfg = Debug|Any CPU
		{FDF5F785-CC10-41F4-AF41-36F40F87DB6D}.Debug|Any CPU.Build.0 = Debug|Any CPU
		{FDF5F785-CC10-41F4-AF41-36F40F87DB6D}.Debug|Any CPU.Deploy.0 = Debug|Any CPU
		{FDF5F785-CC10-41F4-AF41-36F40F87DB6D}.Debug|ARM.ActiveCfg = Debug|Any CPU
		{FDF5F785-CC10-41F4-AF41-36F40F87DB6D}.Debug|ARM.Build.0 = Debug|Any CPU
		{FDF5F785-CC10-41F4-AF41-36F40F87DB6D}.Debug|ARM.Deploy.0 = Debug|Any CPU
		{FDF5F785-CC10-41F4-AF41-36F40F87DB6D}.Debug|iPhone.ActiveCfg = Debug|Any CPU
		{FDF5F785-CC10-41F4-AF41-36F40F87DB6D}.Debug|iPhone.Build.0 = Debug|Any CPU
		{FDF5F785-CC10-41F4-AF41-36F40F87DB6D}.Debug|iPhone.Deploy.0 = Debug|Any CPU
		{FDF5F785-CC10-41F4-AF41-36F40F87DB6D}.Debug|iPhoneSimulator.ActiveCfg = Debug|Any CPU
		{FDF5F785-CC10-41F4-AF41-36F40F87DB6D}.Debug|iPhoneSimulator.Build.0 = Debug|Any CPU
		{FDF5F785-CC10-41F4-AF41-36F40F87DB6D}.Debug|iPhoneSimulator.Deploy.0 = Debug|Any CPU
		{FDF5F785-CC10-41F4-AF41-36F40F87DB6D}.Debug|x64.ActiveCfg = Debug|Any CPU
		{FDF5F785-CC10-41F4-AF41-36F40F87DB6D}.Debug|x64.Build.0 = Debug|Any CPU
		{FDF5F785-CC10-41F4-AF41-36F40F87DB6D}.Debug|x64.Deploy.0 = Debug|Any CPU
		{FDF5F785-CC10-41F4-AF41-36F40F87DB6D}.Debug|x86.ActiveCfg = Debug|Any CPU
		{FDF5F785-CC10-41F4-AF41-36F40F87DB6D}.Debug|x86.Build.0 = Debug|Any CPU
		{FDF5F785-CC10-41F4-AF41-36F40F87DB6D}.Debug|x86.Deploy.0 = Debug|Any CPU
		{FDF5F785-CC10-41F4-AF41-36F40F87DB6D}.Release|Any CPU.ActiveCfg = Release|Any CPU
		{FDF5F785-CC10-41F4-AF41-36F40F87DB6D}.Release|Any CPU.Build.0 = Release|Any CPU
		{FDF5F785-CC10-41F4-AF41-36F40F87DB6D}.Release|Any CPU.Deploy.0 = Release|Any CPU
		{FDF5F785-CC10-41F4-AF41-36F40F87DB6D}.Release|ARM.ActiveCfg = Release|Any CPU
		{FDF5F785-CC10-41F4-AF41-36F40F87DB6D}.Release|ARM.Build.0 = Release|Any CPU
		{FDF5F785-CC10-41F4-AF41-36F40F87DB6D}.Release|ARM.Deploy.0 = Release|Any CPU
		{FDF5F785-CC10-41F4-AF41-36F40F87DB6D}.Release|iPhone.ActiveCfg = Release|Any CPU
		{FDF5F785-CC10-41F4-AF41-36F40F87DB6D}.Release|iPhone.Build.0 = Release|Any CPU
		{FDF5F785-CC10-41F4-AF41-36F40F87DB6D}.Release|iPhone.Deploy.0 = Release|Any CPU
		{FDF5F785-CC10-41F4-AF41-36F40F87DB6D}.Release|iPhoneSimulator.ActiveCfg = Release|Any CPU
		{FDF5F785-CC10-41F4-AF41-36F40F87DB6D}.Release|iPhoneSimulator.Build.0 = Release|Any CPU
		{FDF5F785-CC10-41F4-AF41-36F40F87DB6D}.Release|iPhoneSimulator.Deploy.0 = Release|Any CPU
		{FDF5F785-CC10-41F4-AF41-36F40F87DB6D}.Release|x64.ActiveCfg = Release|Any CPU
		{FDF5F785-CC10-41F4-AF41-36F40F87DB6D}.Release|x64.Build.0 = Release|Any CPU
		{FDF5F785-CC10-41F4-AF41-36F40F87DB6D}.Release|x64.Deploy.0 = Release|Any CPU
		{FDF5F785-CC10-41F4-AF41-36F40F87DB6D}.Release|x86.ActiveCfg = Release|Any CPU
		{FDF5F785-CC10-41F4-AF41-36F40F87DB6D}.Release|x86.Build.0 = Release|Any CPU
		{FDF5F785-CC10-41F4-AF41-36F40F87DB6D}.Release|x86.Deploy.0 = Release|Any CPU
		{73A95894-ECFF-42A7-AEF7-B16B1B899653}.Ad-Hoc|Any CPU.ActiveCfg = Ad-Hoc|iPhone
		{73A95894-ECFF-42A7-AEF7-B16B1B899653}.Ad-Hoc|ARM.ActiveCfg = Ad-Hoc|iPhone
		{73A95894-ECFF-42A7-AEF7-B16B1B899653}.Ad-Hoc|iPhone.ActiveCfg = Ad-Hoc|iPhone
		{73A95894-ECFF-42A7-AEF7-B16B1B899653}.Ad-Hoc|iPhone.Build.0 = Ad-Hoc|iPhone
		{73A95894-ECFF-42A7-AEF7-B16B1B899653}.Ad-Hoc|iPhoneSimulator.ActiveCfg = Ad-Hoc|iPhoneSimulator
		{73A95894-ECFF-42A7-AEF7-B16B1B899653}.Ad-Hoc|iPhoneSimulator.Build.0 = Ad-Hoc|iPhoneSimulator
		{73A95894-ECFF-42A7-AEF7-B16B1B899653}.Ad-Hoc|x64.ActiveCfg = Ad-Hoc|iPhone
		{73A95894-ECFF-42A7-AEF7-B16B1B899653}.Ad-Hoc|x86.ActiveCfg = Ad-Hoc|iPhone
		{73A95894-ECFF-42A7-AEF7-B16B1B899653}.AppStore|Any CPU.ActiveCfg = AppStore|iPhone
		{73A95894-ECFF-42A7-AEF7-B16B1B899653}.AppStore|ARM.ActiveCfg = AppStore|iPhone
		{73A95894-ECFF-42A7-AEF7-B16B1B899653}.AppStore|iPhone.ActiveCfg = AppStore|iPhone
		{73A95894-ECFF-42A7-AEF7-B16B1B899653}.AppStore|iPhone.Build.0 = AppStore|iPhone
		{73A95894-ECFF-42A7-AEF7-B16B1B899653}.AppStore|iPhoneSimulator.ActiveCfg = AppStore|iPhoneSimulator
		{73A95894-ECFF-42A7-AEF7-B16B1B899653}.AppStore|iPhoneSimulator.Build.0 = AppStore|iPhoneSimulator
		{73A95894-ECFF-42A7-AEF7-B16B1B899653}.AppStore|x64.ActiveCfg = AppStore|iPhone
		{73A95894-ECFF-42A7-AEF7-B16B1B899653}.AppStore|x86.ActiveCfg = AppStore|iPhone
		{73A95894-ECFF-42A7-AEF7-B16B1B899653}.Debug|Any CPU.ActiveCfg = Debug|iPhone
		{73A95894-ECFF-42A7-AEF7-B16B1B899653}.Debug|Any CPU.Build.0 = Debug|iPhone
		{73A95894-ECFF-42A7-AEF7-B16B1B899653}.Debug|Any CPU.Deploy.0 = Debug|iPhone
		{73A95894-ECFF-42A7-AEF7-B16B1B899653}.Debug|ARM.ActiveCfg = Debug|iPhone
		{73A95894-ECFF-42A7-AEF7-B16B1B899653}.Debug|iPhone.ActiveCfg = Debug|iPhone
		{73A95894-ECFF-42A7-AEF7-B16B1B899653}.Debug|iPhone.Build.0 = Debug|iPhone
		{73A95894-ECFF-42A7-AEF7-B16B1B899653}.Debug|iPhone.Deploy.0 = Debug|iPhone
		{73A95894-ECFF-42A7-AEF7-B16B1B899653}.Debug|iPhoneSimulator.ActiveCfg = Debug|iPhoneSimulator
		{73A95894-ECFF-42A7-AEF7-B16B1B899653}.Debug|iPhoneSimulator.Build.0 = Debug|iPhoneSimulator
		{73A95894-ECFF-42A7-AEF7-B16B1B899653}.Debug|x64.ActiveCfg = Debug|iPhone
		{73A95894-ECFF-42A7-AEF7-B16B1B899653}.Debug|x86.ActiveCfg = Debug|iPhone
		{73A95894-ECFF-42A7-AEF7-B16B1B899653}.Release|Any CPU.ActiveCfg = Release|iPhone
		{73A95894-ECFF-42A7-AEF7-B16B1B899653}.Release|ARM.ActiveCfg = Release|iPhone
		{73A95894-ECFF-42A7-AEF7-B16B1B899653}.Release|iPhone.ActiveCfg = Release|iPhone
		{73A95894-ECFF-42A7-AEF7-B16B1B899653}.Release|iPhone.Build.0 = Release|iPhone
		{73A95894-ECFF-42A7-AEF7-B16B1B899653}.Release|iPhoneSimulator.ActiveCfg = Release|iPhoneSimulator
		{73A95894-ECFF-42A7-AEF7-B16B1B899653}.Release|iPhoneSimulator.Build.0 = Release|iPhoneSimulator
		{73A95894-ECFF-42A7-AEF7-B16B1B899653}.Release|x64.ActiveCfg = Release|iPhone
		{73A95894-ECFF-42A7-AEF7-B16B1B899653}.Release|x86.ActiveCfg = Release|iPhone
	EndGlobalSection
	GlobalSection(SolutionProperties) = preSolution
		HideSolutionNode = FALSE
	EndGlobalSection
EndGlobal
